// !$*UTF8*$!
{
	archiveVersion = 1;
	classes = {
	};
	objectVersion = 46;
	objects = {

/* Begin PBXBuildFile section */
		61034AEB1D48569D00A1D26F /* AppDelegate.swift in Sources */ = {isa = PBXBuildFile; fileRef = 61034AEA1D48569D00A1D26F /* AppDelegate.swift */; };
		61034AED1D48569D00A1D26F /* ViewController.swift in Sources */ = {isa = PBXBuildFile; fileRef = 61034AEC1D48569D00A1D26F /* ViewController.swift */; };
		61034AF01D48569D00A1D26F /* Main.storyboard in Resources */ = {isa = PBXBuildFile; fileRef = 61034AEE1D48569D00A1D26F /* Main.storyboard */; };
		61034AF21D48569D00A1D26F /* Assets.xcassets in Resources */ = {isa = PBXBuildFile; fileRef = 61034AF11D48569D00A1D26F /* Assets.xcassets */; };
		61034AF51D48569D00A1D26F /* LaunchScreen.storyboard in Resources */ = {isa = PBXBuildFile; fileRef = 61034AF31D48569D00A1D26F /* LaunchScreen.storyboard */; };
		618CEA1C1D48BC2300AA5296 /* CalculatorBrain.swift in Sources */ = {isa = PBXBuildFile; fileRef = 618CEA1B1D48BC2300AA5296 /* CalculatorBrain.swift */; };
/* End PBXBuildFile section */

/* Begin PBXFileReference section */
		61034AE71D48569D00A1D26F /* SwiftCalculator.app */ = {isa = PBXFileReference; explicitFileType = wrapper.application; includeInIndex = 0; path = SwiftCalculator.app; sourceTree = BUILT_PRODUCTS_DIR; };
		61034AEA1D48569D00A1D26F /* AppDelegate.swift */ = {isa = PBXFileReference; lastKnownFileType = sourcecode.swift; path = AppDelegate.swift; sourceTree = "<group>"; };
		61034AEC1D48569D00A1D26F /* ViewController.swift */ = {isa = PBXFileReference; lastKnownFileType = sourcecode.swift; path = ViewController.swift; sourceTree = "<group>"; };
		61034AEF1D48569D00A1D26F /* Base */ = {isa = PBXFileReference; lastKnownFileType = file.storyboard; name = Base; path = Base.lproj/Main.storyboard; sourceTree = "<group>"; };
		61034AF11D48569D00A1D26F /* Assets.xcassets */ = {isa = PBXFileReference; lastKnownFileType = folder.assetcatalog; path = Assets.xcassets; sourceTree = "<group>"; };
		61034AF41D48569D00A1D26F /* Base */ = {isa = PBXFileReference; lastKnownFileType = file.storyboard; name = Base; path = Base.lproj/LaunchScreen.storyboard; sourceTree = "<group>"; };
		61034AF61D48569D00A1D26F /* Info.plist */ = {isa = PBXFileReference; lastKnownFileType = text.plist.xml; path = Info.plist; sourceTree = "<group>"; };
		618CEA1B1D48BC2300AA5296 /* CalculatorBrain.swift */ = {isa = PBXFileReference; fileEncoding = 4; lastKnownFileType = sourcecode.swift; path = CalculatorBrain.swift; sourceTree = "<group>"; };
/* End PBXFileReference section */

/* Begin PBXFrameworksBuildPhase section */
		61034AE41D48569D00A1D26F /* Frameworks */ = {
			isa = PBXFrameworksBuildPhase;
			buildActionMask = 2147483647;
			files = (
			);
			runOnlyForDeploymentPostprocessing = 0;
		};
/* End PBXFrameworksBuildPhase section */

/* Begin PBXGroup section */
		61034ADE1D48569D00A1D26F = {
			isa = PBXGroup;
			children = (
				61034AE91D48569D00A1D26F /* SwiftCalculator */,
				61034AE81D48569D00A1D26F /* Products */,
			);
			sourceTree = "<group>";
		};
		61034AE81D48569D00A1D26F /* Products */ = {
			isa = PBXGroup;
			children = (
				61034AE71D48569D00A1D26F /* SwiftCalculator.app */,
			);
			name = Products;
			sourceTree = "<group>";
		};
		61034AE91D48569D00A1D26F /* SwiftCalculator */ = {
			isa = PBXGroup;
			children = (
				61034AFC1D4856B600A1D26F /* Supporting Files */,
				61034AEC1D48569D00A1D26F /* ViewController.swift */,
				61034AEE1D48569D00A1D26F /* Main.storyboard */,
				618CEA1B1D48BC2300AA5296 /* CalculatorBrain.swift */,
			);
			path = SwiftCalculator;
			sourceTree = "<group>";
		};
		61034AFC1D4856B600A1D26F /* Supporting Files */ = {
			isa = PBXGroup;
			children = (
				61034AEA1D48569D00A1D26F /* AppDelegate.swift */,
				61034AF11D48569D00A1D26F /* Assets.xcassets */,
				61034AF31D48569D00A1D26F /* LaunchScreen.storyboard */,
				61034AF61D48569D00A1D26F /* Info.plist */,
			);
			name = "Supporting Files";
			sourceTree = "<group>";
		};
/* End PBXGroup section */

/* Begin PBXNativeTarget section */
		61034AE61D48569D00A1D26F /* SwiftCalculator */ = {
			isa = PBXNativeTarget;
			buildConfigurationList = 61034AF91D48569D00A1D26F /* Build configuration list for PBXNativeTarget "SwiftCalculator" */;
			buildPhases = (
				61034AE31D48569D00A1D26F /* Sources */,
				61034AE41D48569D00A1D26F /* Frameworks */,
				61034AE51D48569D00A1D26F /* Resources */,
			);
			buildRules = (
			);
			dependencies = (
			);
			name = SwiftCalculator;
			productName = SwiftCalculator;
			productReference = 61034AE71D48569D00A1D26F /* SwiftCalculator.app */;
			productType = "com.apple.product-type.application";
		};
/* End PBXNativeTarget section */

/* Begin PBXProject section */
		61034ADF1D48569D00A1D26F /* Project object */ = {
			isa = PBXProject;
			attributes = {
				LastSwiftUpdateCheck = 0730;
				LastUpgradeCheck = 0730;
				ORGANIZATIONNAME = Vince;
				TargetAttributes = {
					61034AE61D48569D00A1D26F = {
						CreatedOnToolsVersion = 7.3.1;
						DevelopmentTeam = P6WRT423JK;
					};
				};
			};
			buildConfigurationList = 61034AE21D48569D00A1D26F /* Build configuration list for PBXProject "SwiftCalculator" */;
			compatibilityVersion = "Xcode 3.2";
			developmentRegion = English;
			hasScannedForEncodings = 0;
			knownRegions = (
				en,
				Base,
			);
			mainGroup = 61034ADE1D48569D00A1D26F;
			productRefGroup = 61034AE81D48569D00A1D26F /* Products */;
			projectDirPath = "";
			projectRoot = "";
			targets = (
				61034AE61D48569D00A1D26F /* SwiftCalculator */,
			);
		};
/* End PBXProject section */

/* Begin PBXResourcesBuildPhase section */
		61034AE51D48569D00A1D26F /* Resources */ = {
			isa = PBXResourcesBuildPhase;
			buildActionMask = 2147483647;
			files = (
				61034AF51D48569D00A1D26F /* LaunchScreen.storyboard in Resources */,
				61034AF21D48569D00A1D26F /* Assets.xcassets in Resources */,
				61034AF01D48569D00A1D26F /* Main.storyboard in Resources */,
			);
			runOnlyForDeploymentPostprocessing = 0;
		};
/* End PBXResourcesBuildPhase section */

/* Begin PBXSourcesBuildPhase section */
		61034AE31D48569D00A1D26F /* Sources */ = {
			isa = PBXSourcesBuildPhase;
			buildActionMask = 2147483647;
			files = (
				618CEA1C1D48BC2300AA5296 /* CalculatorBrain.swift in Sources */,
				61034AED1D48569D00A1D26F /* ViewController.swift in Sources */,
				61034AEB1D48569D00A1D26F /* AppDelegate.swift in Sources */,
			);
			runOnlyForDeploymentPostprocessing = 0;
		};
/* End PBXSourcesBuildPhase section */

/* Begin PBXVariantGroup section */
		61034AEE1D48569D00A1D26F /* Main.storyboard */ = {
			isa = PBXVariantGroup;
			children = (
				61034AEF1D48569D00A1D26F /* Base */,
			);
			name = Main.storyboard;
			sourceTree = "<group>";
		};
		61034AF31D48569D00A1D26F /* LaunchScreen.storyboard */ = {
			isa = PBXVariantGroup;
			children = (
				61034AF41D48569D00A1D26F /* Base */,
			);
			name = LaunchScreen.storyboard;
			sourceTree = "<group>";
		};
/* End PBXVariantGroup section */

/* Begin XCBuildConfiguration section */
		61034AF71D48569D00A1D26F /* Debug */ = {
			isa = XCBuildConfiguration;
			buildSettings = {
				ALWAYS_SEARCH_USER_PATHS = NO;
				CLANG_ANALYZER_NONNULL = YES;
				CLANG_CXX_LANGUAGE_STANDARD = "gnu++0x";
				CLANG_CXX_LIBRARY = "libc++";
				CLANG_ENABLE_MODULES = YES;
				CLANG_ENABLE_OBJC_ARC = YES;
				CLANG_WARN_BOOL_CONVERSION = YES;
				CLANG_WARN_CONSTANT_CONVERSION = YES;
				CLANG_WARN_DIRECT_OBJC_ISA_USAGE = YES_ERROR;
				CLANG_WARN_EMPTY_BODY = YES;
				CLANG_WARN_ENUM_CONVERSION = YES;
				CLANG_WARN_INT_CONVERSION = YES;
				CLANG_WARN_OBJC_ROOT_CLASS = YES_ERROR;
				CLANG_WARN_UNREACHABLE_CODE = YES;
				CLANG_WARN__DUPLICATE_METHOD_MATCH = YES;
				"CODE_SIGN_IDENTITY[sdk=iphoneos*]" = "iPhone Developer";
				COPY_PHASE_STRIP = NO;
				DEBUG_INFORMATION_FORMAT = dwarf;
				ENABLE_STRICT_OBJC_MSGSEND = YES;
				ENABLE_TESTABILITY = YES;
				GCC_C_LANGUAGE_STANDARD = gnu99;
				GCC_DYNAMIC_NO_PIC = NO;
				GCC_NO_COMMON_BLOCKS = YES;
				GCC_OPTIMIZATION_LEVEL = 0;
				GCC_PREPROCESSOR_DEFINITIONS = (
					"DEBUG=1",
					"$(inherited)",
				);
				GCC_WARN_64_TO_32_BIT_CONVERSION = YES;
				GCC_WARN_ABOUT_RETURN_TYPE = YES_ERROR;
				GCC_WARN_UNDECLARED_SELECTOR = YES;
				GCC_WARN_UNINITIALIZED_AUTOS = YES_AGGRESSIVE;
				GCC_WARN_UNUSED_FUNCTION = YES;
				GCC_WARN_UNUSED_VARIABLE = YES;
				IPHONEOS_DEPLOYMENT_TARGET = 9.3;
				MTL_ENABLE_DEBUG_INFO = YES;
				ONLY_ACTIVE_ARCH = YES;
				SDKROOT = iphoneos;
				SWIFT_OPTIMIZATION_LEVEL = "-Onone";
				TARGETED_DEVICE_FAMILY = "1,2";
			};
			name = Debug;
		};
		61034AF81D48569D00A1D26F /* Release */ = {
			isa = XCBuildConfiguration;
			buildSettings = {
				ALWAYS_SEARCH_USER_PATHS = NO;
				CLANG_ANALYZER_NONNULL = YES;
				CLANG_CXX_LANGUAGE_STANDARD = "gnu++0x";
				CLANG_CXX_LIBRARY = "libc++";
				CLANG_ENABLE_MODULES = YES;
				CLANG_ENABLE_OBJC_ARC = YES;
				CLANG_WARN_BOOL_CONVERSION = YES;
				CLANG_WARN_CONSTANT_CONVERSION = YES;
				CLANG_WARN_DIRECT_OBJC_ISA_USAGE = YES_ERROR;
				CLANG_WARN_EMPTY_BODY = YES;
				CLANG_WARN_ENUM_CONVERSION = YES;
				CLANG_WARN_INT_CONVERSION = YES;
				CLANG_WARN_OBJC_ROOT_CLASS = YES_ERROR;
				CLANG_WARN_UNREACHABLE_CODE = YES;
				CLANG_WARN__DUPLICATE_METHOD_MATCH = YES;
				"CODE_SIGN_IDENTITY[sdk=iphoneos*]" = "iPhone Developer";
				COPY_PHASE_STRIP = NO;
				DEBUG_INFORMATION_FORMAT = "dwarf-with-dsym";
				ENABLE_NS_ASSERTIONS = NO;
				ENABLE_STRICT_OBJC_MSGSEND = YES;
				GCC_C_LANGUAGE_STANDARD = gnu99;
				GCC_NO_COMMON_BLOCKS = YES;
				GCC_WARN_64_TO_32_BIT_CONVERSION = YES;
				GCC_WARN_ABOUT_RETURN_TYPE = YES_ERROR;
				GCC_WARN_UNDECLARED_SELECTOR = YES;
				GCC_WARN_UNINITIALIZED_AUTOS = YES_AGGRESSIVE;
				GCC_WARN_UNUSED_FUNCTION = YES;
				GCC_WARN_UNUSED_VARIABLE = YES;
				IPHONEOS_DEPLOYMENT_TARGET = 9.3;
				MTL_ENABLE_DEBUG_INFO = NO;
				SDKROOT = iphoneos;
				TARGETED_DEVICE_FAMILY = "1,2";
				VALIDATE_PRODUCT = YES;
			};
			name = Release;
		};
		61034AFA1D48569D00A1D26F /* Debug */ = {
			isa = XCBuildConfiguration;
			buildSettings = {
				ASSETCATALOG_COMPILER_APPICON_NAME = AppIcon;
				CODE_SIGN_IDENTITY = "iPhone Developer";
				INFOPLIST_FILE = SwiftCalculator/Info.plist;
				LD_RUNPATH_SEARCH_PATHS = "$(inherited) @executable_path/Frameworks";
				PRODUCT_BUNDLE_IDENTIFIER = com.consumer.trendmicro.SwiftCalculator;
				PRODUCT_NAME = "$(TARGET_NAME)";
			};
			name = Debug;
		};
		61034AFB1D48569D00A1D26F /* Release */ = {
			isa = XCBuildConfiguration;
			buildSettings = {
				ASSETCATALOG_COMPILER_APPICON_NAME = AppIcon;
				CODE_SIGN_IDENTITY = "iPhone Developer";
				INFOPLIST_FILE = SwiftCalculator/Info.plist;
				LD_RUNPATH_SEARCH_PATHS = "$(inherited) @executable_path/Frameworks";
				PRODUCT_BUNDLE_IDENTIFIER = com.consumer.trendmicro.SwiftCalculator;
				PRODUCT_NAME = "$(TARGET_NAME)";
			};
			name = Release;
		};
/* End XCBuildConfiguration section */

/* Begin XCConfigurationList section */
		61034AE21D48569D00A1D26F /* Build configuration list for PBXProject "SwiftCalculator" */ = {
			isa = XCConfigurationList;
			buildConfigurations = (
				61034AF71D48569D00A1D26F /* Debug */,
				61034AF81D48569D00A1D26F /* Release */,
			);
			defaultConfigurationIsVisible = 0;
			defaultConfigurationName = Release;
		};
		61034AF91D48569D00A1D26F /* Build configuration list for PBXNativeTarget "SwiftCalculator" */ = {
			isa = XCConfigurationList;
			buildConfigurations = (
				61034AFA1D48569D00A1D26F /* Debug */,
				61034AFB1D48569D00A1D26F /* Release */,
			);
			defaultConfigurationIsVisible = 0;
			defaultConfigurationName = Release;
		};
/* End XCConfigurationList section */
	};
	rootObject = 61034ADF1D48569D00A1D26F /* Project object */;
}
